
Microsoft Visual Studio Solution File, Format Version 12.00
# Visual Studio Version 17
VisualStudioVersion = 17.0.31903.59
MinimumVisualStudioVersion = 10.0.40219.1
Project("{2150E333-8FDC-42A3-9474-1A3956D46DE8}") = "Play.Catalog", "Play.Catalog", "{CEF9D622-5829-4611-9617-E375692034F1}"
EndProject
Project("{2150E333-8FDC-42A3-9474-1A3956D46DE8}") = "src", "src", "{D54C76A1-2477-4DDE-90DD-3BF1DC6295A9}"
EndProject
Project("{9A19103F-16F7-4668-BE54-9A1E7A4F7556}") = "Play.Catalog.Service", "Play.Catalog\src\Play.Catalog.Service\Play.Catalog.Service.csproj", "{109B6FCD-0C5A-460E-8F3C-CD9263446BD4}"
EndProject
Project("{2150E333-8FDC-42A3-9474-1A3956D46DE8}") = "Play.Common", "Play.Common", "{DAB18CD8-9F17-4B80-B1A3-D81E97D26BDC}"
EndProject
Project("{2150E333-8FDC-42A3-9474-1A3956D46DE8}") = "src", "src", "{4EE0DF81-7A86-45DB-8615-9518D338FF3B}"
EndProject
Project("{9A19103F-16F7-4668-BE54-9A1E7A4F7556}") = "Play.Common", "Play.Common\src\Play.Common\Play.Common.csproj", "{6A5101A5-1417-48BE-B9F5-816F8D37E51E}"
EndProject
Project("{2150E333-8FDC-42A3-9474-1A3956D46DE8}") = "Play.Infra", "Play.Infra", "{BEDEDE95-D94A-401A-99BB-A1C4FBBFCE57}"
	ProjectSection(SolutionItems) = preProject
		Play.Infra\docker-compose.yml = Play.Infra\docker-compose.yml
	EndProjectSection
EndProject
Project("{2150E333-8FDC-42A3-9474-1A3956D46DE8}") = "Play.Inventory", "Play.Inventory", "{8C42658B-A258-4DD5-94FD-6CCBE5C3AB92}"
EndProject
Project("{2150E333-8FDC-42A3-9474-1A3956D46DE8}") = "src", "src", "{D32BE4C3-7440-4B44-A658-D7F73D8AC272}"
EndProject
Project("{9A19103F-16F7-4668-BE54-9A1E7A4F7556}") = "Play.Inventory.Service", "Play.Inventory\src\Play.Inventory.Service\Play.Inventory.Service.csproj", "{44DE6BAB-DA75-4774-B590-323C50D0F31F}"
EndProject
Project("{9A19103F-16F7-4668-BE54-9A1E7A4F7556}") = "Play.Catalog.Contracts", "Play.Catalog\src\Play.Catalog.Contracts\Play.Catalog.Contracts.csproj", "{07C279EB-DFED-4393-AF8E-1FD1FCC6EF3A}"
EndProject
Global
	GlobalSection(SolutionConfigurationPlatforms) = preSolution
		Debug|Any CPU = Debug|Any CPU
		Release|Any CPU = Release|Any CPU
	EndGlobalSection
	GlobalSection(ProjectConfigurationPlatforms) = postSolution
		{109B6FCD-0C5A-460E-8F3C-CD9263446BD4}.Debug|Any CPU.ActiveCfg = Debug|Any CPU
		{109B6FCD-0C5A-460E-8F3C-CD9263446BD4}.Debug|Any CPU.Build.0 = Debug|Any CPU
		{109B6FCD-0C5A-460E-8F3C-CD9263446BD4}.Release|Any CPU.ActiveCfg = Release|Any CPU
		{109B6FCD-0C5A-460E-8F3C-CD9263446BD4}.Release|Any CPU.Build.0 = Release|Any CPU
		{6A5101A5-1417-48BE-B9F5-816F8D37E51E}.Debug|Any CPU.ActiveCfg = Debug|Any CPU
		{6A5101A5-1417-48BE-B9F5-816F8D37E51E}.Debug|Any CPU.Build.0 = Debug|Any CPU
		{6A5101A5-1417-48BE-B9F5-816F8D37E51E}.Release|Any CPU.ActiveCfg = Release|Any CPU
		{6A5101A5-1417-48BE-B9F5-816F8D37E51E}.Release|Any CPU.Build.0 = Release|Any CPU
		{44DE6BAB-DA75-4774-B590-323C50D0F31F}.Debug|Any CPU.ActiveCfg = Debug|Any CPU
		{44DE6BAB-DA75-4774-B590-323C50D0F31F}.Debug|Any CPU.Build.0 = Debug|Any CPU
		{44DE6BAB-DA75-4774-B590-323C50D0F31F}.Release|Any CPU.ActiveCfg = Release|Any CPU
		{44DE6BAB-DA75-4774-B590-323C50D0F31F}.Release|Any CPU.Build.0 = Release|Any CPU
		{07C279EB-DFED-4393-AF8E-1FD1FCC6EF3A}.Debug|Any CPU.ActiveCfg = Debug|Any CPU
		{07C279EB-DFED-4393-AF8E-1FD1FCC6EF3A}.Debug|Any CPU.Build.0 = Debug|Any CPU
		{07C279EB-DFED-4393-AF8E-1FD1FCC6EF3A}.Release|Any CPU.ActiveCfg = Release|Any CPU
		{07C279EB-DFED-4393-AF8E-1FD1FCC6EF3A}.Release|Any CPU.Build.0 = Release|Any CPU
	EndGlobalSection
	GlobalSection(SolutionProperties) = preSolution
		HideSolutionNode = FALSE
	EndGlobalSection
	GlobalSection(NestedProjects) = preSolution
		{D54C76A1-2477-4DDE-90DD-3BF1DC6295A9} = {CEF9D622-5829-4611-9617-E375692034F1}
		{109B6FCD-0C5A-460E-8F3C-CD9263446BD4} = {D54C76A1-2477-4DDE-90DD-3BF1DC6295A9}
		{4EE0DF81-7A86-45DB-8615-9518D338FF3B} = {DAB18CD8-9F17-4B80-B1A3-D81E97D26BDC}
		{6A5101A5-1417-48BE-B9F5-816F8D37E51E} = {4EE0DF81-7A86-45DB-8615-9518D338FF3B}
		{D32BE4C3-7440-4B44-A658-D7F73D8AC272} = {8C42658B-A258-4DD5-94FD-6CCBE5C3AB92}
		{44DE6BAB-DA75-4774-B590-323C50D0F31F} = {D32BE4C3-7440-4B44-A658-D7F73D8AC272}
		{07C279EB-DFED-4393-AF8E-1FD1FCC6EF3A} = {D54C76A1-2477-4DDE-90DD-3BF1DC6295A9}
	EndGlobalSection
	GlobalSection(ExtensibilityGlobals) = postSolution
		SolutionGuid = {FE01A2CE-849D-43DC-B332-5616E0178C4B}
	EndGlobalSection
EndGlobal
