
Microsoft Visual Studio Solution File, Format Version 12.00
# Visual Studio Version 17
VisualStudioVersion = 17.0.31903.59
MinimumVisualStudioVersion = 10.0.40219.1
Project("{2150E333-8FDC-42A3-9474-1A3956D46DE8}") = "Play.Catalog", "Play.Catalog", "{CEF9D622-5829-4611-9617-E375692034F1}"
EndProject
Project("{2150E333-8FDC-42A3-9474-1A3956D46DE8}") = "src", "src", "{D54C76A1-2477-4DDE-90DD-3BF1DC6295A9}"
EndProject
Project("{9A19103F-16F7-4668-BE54-9A1E7A4F7556}") = "Play.Catalog.Service", "Play.Catalog\src\Play.Catalog.Service\Play.Catalog.Service.csproj", "{109B6FCD-0C5A-460E-8F3C-CD9263446BD4}"
EndProject
Project("{2150E333-8FDC-42A3-9474-1A3956D46DE8}") = "Play.Common", "Play.Common", "{DAB18CD8-9F17-4B80-B1A3-D81E97D26BDC}"
EndProject
Project("{2150E333-8FDC-42A3-9474-1A3956D46DE8}") = "src", "src", "{4EE0DF81-7A86-45DB-8615-9518D338FF3B}"
EndProject
Project("{9A19103F-16F7-4668-BE54-9A1E7A4F7556}") = "Play.Common", "Play.Common\src\Play.Common\Play.Common.csproj", "{6A5101A5-1417-48BE-B9F5-816F8D37E51E}"
EndProject
Global
	GlobalSection(SolutionConfigurationPlatforms) = preSolution
		Debug|Any CPU = Debug|Any CPU
		Release|Any CPU = Release|Any CPU
	EndGlobalSection
	GlobalSection(ProjectConfigurationPlatforms) = postSolution
		{109B6FCD-0C5A-460E-8F3C-CD9263446BD4}.Debug|Any CPU.ActiveCfg = Debug|Any CPU
		{109B6FCD-0C5A-460E-8F3C-CD9263446BD4}.Debug|Any CPU.Build.0 = Debug|Any CPU
		{109B6FCD-0C5A-460E-8F3C-CD9263446BD4}.Release|Any CPU.ActiveCfg = Release|Any CPU
		{109B6FCD-0C5A-460E-8F3C-CD9263446BD4}.Release|Any CPU.Build.0 = Release|Any CPU
		{6A5101A5-1417-48BE-B9F5-816F8D37E51E}.Debug|Any CPU.ActiveCfg = Debug|Any CPU
		{6A5101A5-1417-48BE-B9F5-816F8D37E51E}.Debug|Any CPU.Build.0 = Debug|Any CPU
		{6A5101A5-1417-48BE-B9F5-816F8D37E51E}.Release|Any CPU.ActiveCfg = Release|Any CPU
		{6A5101A5-1417-48BE-B9F5-816F8D37E51E}.Release|Any CPU.Build.0 = Release|Any CPU
	EndGlobalSection
	GlobalSection(SolutionProperties) = preSolution
		HideSolutionNode = FALSE
	EndGlobalSection
	GlobalSection(NestedProjects) = preSolution
		{D54C76A1-2477-4DDE-90DD-3BF1DC6295A9} = {CEF9D622-5829-4611-9617-E375692034F1}
		{109B6FCD-0C5A-460E-8F3C-CD9263446BD4} = {D54C76A1-2477-4DDE-90DD-3BF1DC6295A9}
		{4EE0DF81-7A86-45DB-8615-9518D338FF3B} = {DAB18CD8-9F17-4B80-B1A3-D81E97D26BDC}
		{6A5101A5-1417-48BE-B9F5-816F8D37E51E} = {4EE0DF81-7A86-45DB-8615-9518D338FF3B}
	EndGlobalSection
	GlobalSection(ExtensibilityGlobals) = postSolution
		SolutionGuid = {FE01A2CE-849D-43DC-B332-5616E0178C4B}
	EndGlobalSection
EndGlobal
